
Microsoft Visual Studio Solution File, Format Version 12.00
# Visual Studio Version 16
VisualStudioVersion = 16.0.31515.178
MinimumVisualStudioVersion = 10.0.40219.1
Project("{9A19103F-16F7-4668-BE54-9A1E7A4F7556}") = "ControleFinanceiro.API", "ControleFinanceiro.API\ControleFinanceiro.API.csproj", "{647E8F6C-27C2-4FB5-8923-671CB39B5F68}"
EndProject
Project("{FAE04EC0-301F-11D3-BF4B-00C04F79EFBC}") = "ControleFinanceiro.DAL", "..\ControleFinanceiro.DAL\ControleFinanceiro.DAL.csproj", "{AF48C609-3DF4-48EA-96FA-4EC8225EE3A0}"
EndProject
Project("{FAE04EC0-301F-11D3-BF4B-00C04F79EFBC}") = "ControleFinanceiro.BLL", "..\ControleFinanceiro.BLL\ControleFinanceiro.BLL.csproj", "{8A2842A6-A942-4311-8374-7F3671E37FFD}"
EndProject
Global
	GlobalSection(SolutionConfigurationPlatforms) = preSolution
		Debug|Any CPU = Debug|Any CPU
		Release|Any CPU = Release|Any CPU
	EndGlobalSection
	GlobalSection(ProjectConfigurationPlatforms) = postSolution
		{647E8F6C-27C2-4FB5-8923-671CB39B5F68}.Debug|Any CPU.ActiveCfg = Debug|Any CPU
		{647E8F6C-27C2-4FB5-8923-671CB39B5F68}.Debug|Any CPU.Build.0 = Debug|Any CPU
		{647E8F6C-27C2-4FB5-8923-671CB39B5F68}.Release|Any CPU.ActiveCfg = Release|Any CPU
		{647E8F6C-27C2-4FB5-8923-671CB39B5F68}.Release|Any CPU.Build.0 = Release|Any CPU
		{AF48C609-3DF4-48EA-96FA-4EC8225EE3A0}.Debug|Any CPU.ActiveCfg = Debug|Any CPU
		{AF48C609-3DF4-48EA-96FA-4EC8225EE3A0}.Debug|Any CPU.Build.0 = Debug|Any CPU
		{AF48C609-3DF4-48EA-96FA-4EC8225EE3A0}.Release|Any CPU.ActiveCfg = Release|Any CPU
		{AF48C609-3DF4-48EA-96FA-4EC8225EE3A0}.Release|Any CPU.Build.0 = Release|Any CPU
		{8A2842A6-A942-4311-8374-7F3671E37FFD}.Debug|Any CPU.ActiveCfg = Debug|Any CPU
		{8A2842A6-A942-4311-8374-7F3671E37FFD}.Debug|Any CPU.Build.0 = Debug|Any CPU
		{8A2842A6-A942-4311-8374-7F3671E37FFD}.Release|Any CPU.ActiveCfg = Release|Any CPU
		{8A2842A6-A942-4311-8374-7F3671E37FFD}.Release|Any CPU.Build.0 = Release|Any CPU
	EndGlobalSection
	GlobalSection(SolutionProperties) = preSolution
		HideSolutionNode = FALSE
	EndGlobalSection
	GlobalSection(ExtensibilityGlobals) = postSolution
		SolutionGuid = {C0B20829-F770-4F1F-8F87-E62762F057AA}
	EndGlobalSection
EndGlobal
